
Microsoft Visual Studio Solution File, Format Version 12.00
# Visual Studio Version 16
VisualStudioVersion = 16.0.31019.35
MinimumVisualStudioVersion = 10.0.40219.1
Project("{9A19103F-16F7-4668-BE54-9A1E7A4F7556}") = "MedicalConsultation", "MedicalConsultation\MedicalConsultation.csproj", "{B73F30C7-3D1E-463F-B7A1-B365FB68804C}"
EndProject
Project("{FAE04EC0-301F-11D3-BF4B-00C04F79EFBC}") = "MedicalConsultation.Admin", "MedicalConsultation.Admin\MedicalConsultation.Admin.csproj", "{FD359FE8-E55E-4E67-8281-724FDA90AB78}"
EndProject
Project("{FAE04EC0-301F-11D3-BF4B-00C04F79EFBC}") = "MedicalConsultation.Models", "MedicalConsultation.Models\MedicalConsultation.Models.csproj", "{A82F37BA-85D7-4909-9A2D-CC72ADBBABC6}"
EndProject
Project("{FAE04EC0-301F-11D3-BF4B-00C04F79EFBC}") = "MedicalConsultation.Repos", "MedicalConsultation.Repos\MedicalConsultation.Repos.csproj", "{77E8C5EF-8C17-483B-8C12-22555853277C}"
EndProject
Global
	GlobalSection(SolutionConfigurationPlatforms) = preSolution
		Debug|Any CPU = Debug|Any CPU
		Release|Any CPU = Release|Any CPU
	EndGlobalSection
	GlobalSection(ProjectConfigurationPlatforms) = postSolution
		{B73F30C7-3D1E-463F-B7A1-B365FB68804C}.Debug|Any CPU.ActiveCfg = Debug|Any CPU
		{B73F30C7-3D1E-463F-B7A1-B365FB68804C}.Debug|Any CPU.Build.0 = Debug|Any CPU
		{B73F30C7-3D1E-463F-B7A1-B365FB68804C}.Release|Any CPU.ActiveCfg = Release|Any CPU
		{B73F30C7-3D1E-463F-B7A1-B365FB68804C}.Release|Any CPU.Build.0 = Release|Any CPU
		{FD359FE8-E55E-4E67-8281-724FDA90AB78}.Debug|Any CPU.ActiveCfg = Debug|Any CPU
		{FD359FE8-E55E-4E67-8281-724FDA90AB78}.Debug|Any CPU.Build.0 = Debug|Any CPU
		{FD359FE8-E55E-4E67-8281-724FDA90AB78}.Release|Any CPU.ActiveCfg = Release|Any CPU
		{FD359FE8-E55E-4E67-8281-724FDA90AB78}.Release|Any CPU.Build.0 = Release|Any CPU
		{A82F37BA-85D7-4909-9A2D-CC72ADBBABC6}.Debug|Any CPU.ActiveCfg = Debug|Any CPU
		{A82F37BA-85D7-4909-9A2D-CC72ADBBABC6}.Debug|Any CPU.Build.0 = Debug|Any CPU
		{A82F37BA-85D7-4909-9A2D-CC72ADBBABC6}.Release|Any CPU.ActiveCfg = Release|Any CPU
		{A82F37BA-85D7-4909-9A2D-CC72ADBBABC6}.Release|Any CPU.Build.0 = Release|Any CPU
		{77E8C5EF-8C17-483B-8C12-22555853277C}.Debug|Any CPU.ActiveCfg = Debug|Any CPU
		{77E8C5EF-8C17-483B-8C12-22555853277C}.Debug|Any CPU.Build.0 = Debug|Any CPU
		{77E8C5EF-8C17-483B-8C12-22555853277C}.Release|Any CPU.ActiveCfg = Release|Any CPU
		{77E8C5EF-8C17-483B-8C12-22555853277C}.Release|Any CPU.Build.0 = Release|Any CPU
	EndGlobalSection
	GlobalSection(SolutionProperties) = preSolution
		HideSolutionNode = FALSE
	EndGlobalSection
	GlobalSection(ExtensibilityGlobals) = postSolution
		SolutionGuid = {E89F6649-BA6F-47C4-A5AB-829DA73D1C81}
	EndGlobalSection
EndGlobal
